dependencies:
- name: erigon
  repository: file://../erigon
  version: 2.1.0
- name: geth
  repository: file://../geth
  version: 2.1.0
- name: nethermind
  repository: file://../nethermind
  version: 2.1.0
- name: prysm
  repository: file://../prysm
  version: 2.1.0
- name: lighthouse
  repository: file://../lighthouse
  version: 2.1.0
- name: teku
  repository: file://../teku
  version: 2.1.0
digest: sha256:3b9da0220e5124fa8957ea97aaa8b29a558738982d4e4b804365f5f1f94f2f4e
generated: "2022-08-08T09:36:35.278376+03:00"
