dependencies:
- name: erigon
  repository: file://../erigon
  version: 1.1.8
- name: geth
  repository: file://../geth
  version: 1.1.7
- name: nethermind
  repository: file://../nethermind
  version: 1.1.3
- name: prysm
  repository: file://../prysm
  version: 1.3.5
- name: lighthouse
  repository: file://../lighthouse
  version: 1.3.5
- name: teku
  repository: file://../teku
  version: 1.1.4
digest: sha256:4dddb7b2b48d5b236ad9775b27ec683451b9da780d5003262c96b91991a4ecb5
generated: "2022-08-04T12:36:10.216801+03:00"
