dependencies:
- name: vault
  repository: https://helm.releases.hashicorp.com
  version: 0.16.1
- name: geth
  repository: https://charts.stakewise.io
  version: 1.0.1
- name: erigon
  repository: https://charts.stakewise.io
  version: 1.0.3
- name: prysm
  repository: https://charts.stakewise.io
  version: 1.0.5
- name: lighthouse
  repository: https://charts.stakewise.io
  version: 0.1.0
digest: sha256:688939cd732a8a02187ab4cf73348d641ffa161280466411e59352e08c80d0f2
generated: "2021-12-02T14:39:20.940598+03:00"
