dependencies:
- name: vault
  repository: https://helm.releases.hashicorp.com
  version: 0.16.1
- name: geth
  repository: https://charts.stakewise.io
  version: 0.1.0
- name: erigon
  repository: https://charts.stakewise.io
  version: 1.0.2
- name: prysm
  repository: https://charts.stakewise.io
  version: 1.0.4
- name: lighthouse
  repository: https://charts.stakewise.io
  version: 0.1.0
digest: sha256:635917ae0c0c467606ae03b1f4862a937eb4a31222c837a1ff4adb4933cd2a7f
generated: "2021-11-30T17:03:21.006553+03:00"
