dependencies:
- name: common
  repository: file://../common
  version: 1.0.0
- name: postgresql
  repository: https://charts.bitnami.com/bitnami/
  version: 12.1.6
- name: ipfs
  repository: file://../ipfs
  version: 1.1.0
digest: sha256:44d0828360257781ace63483204bad181e4887b0fb46a132e5b0697b1c5f94b8
generated: "2022-12-27T11:50:34.030812+04:00"
