dependencies:
- name: common
  repository: file://../common
  version: 1.0.0
- name: postgresql
  repository: https://charts.bitnami.com/bitnami/
  version: 11.6.0
- name: ipfs
  repository: file://../ipfs
  version: 1.0.2
digest: sha256:09d9b679d6552e6c1df76759f1600eb4e3affd7681aeceb165da5b6a07aef8af
generated: "2022-06-06T15:21:10.985020339+03:00"
