dependencies:
- name: common
  repository: https://charts.stakewise.io/
  version: 1.0.0
- name: postgresql
  repository: https://charts.bitnami.com/bitnami/
  version: 12.1.6
- name: ipfs
  repository: https://charts.stakewise.io/
  version: 1.1.0
digest: sha256:c0a16e68aa96ca3912ca3380309db46a9b60313fdf4bb0a4b3d00e947520beb7
generated: "2023-01-09T12:36:13.780775+04:00"
