dependencies:
- name: common
  repository: file://../common
  version: 1.0.0
- name: postgresql
  repository: https://charts.bitnami.com/bitnami/
  version: 12.1.6
- name: rabbitmq
  repository: https://charts.bitnami.com/bitnami/
  version: 11.3.0
- name: memcached
  repository: https://charts.bitnami.com/bitnami/
  version: 6.3.2
digest: sha256:9c1fe65d5741f34f68164b877413ed6b457a0900c4cba8dad5bf524635d1f63e
generated: "2022-12-29T09:38:14.063258+04:00"
