dependencies:
- name: common
  repository: https://charts.stakewise.io/
  version: 1.0.0
- name: postgresql
  repository: https://charts.bitnami.com/bitnami/
  version: 12.1.6
- name: rabbitmq
  repository: https://charts.bitnami.com/bitnami/
  version: 11.3.0
- name: memcached
  repository: https://charts.bitnami.com/bitnami/
  version: 6.3.2
- name: ipfs
  repository: https://charts.stakewise.io/
  version: 1.1.1
digest: sha256:54338184b4fe95c7ab9aaa827868b4abb905df01c7afeeb807bd6c280c347c16
generated: "2023-03-06T13:34:08.201383345+03:00"
