dependencies:
- name: common
  repository: https://charts.stakewise.io/
  version: 1.0.0
- name: postgresql
  repository: https://charts.bitnami.com/bitnami/
  version: 12.1.6
- name: rabbitmq
  repository: https://charts.bitnami.com/bitnami/
  version: 11.3.0
- name: memcached
  repository: https://charts.bitnami.com/bitnami/
  version: 6.3.2
- name: ipfs
  repository: https://charts.stakewise.io/
  version: 2.2.0
digest: sha256:11005903782bcd5d5bb819b68ced0fa65d73e0610d88827827ba6ed48846b80d
generated: "2025-02-18T12:13:30.089464+03:00"
