dependencies:
- name: postgresql
  repository: https://charts.bitnami.com/bitnami/
  version: 10.13.8
- name: rabbitmq
  repository: https://charts.bitnami.com/bitnami/
  version: 9.0.0
- name: memcached
  repository: https://charts.bitnami.com/bitnami/
  version: 6.0.21
digest: sha256:88c82a2eb81b4b26ea1dc40364406d579a16e995481c56443fbfdf3669aa5846
generated: "2022-05-23T12:26:00.892587+03:00"
