dependencies:
- name: vault
  repository: https://helm.releases.hashicorp.com
  version: 0.16.1
- name: geth
  repository: file://../geth
  version: 0.1.0
- name: openethereum
  repository: file://../openethereum
  version: 0.1.0
- name: prysm
  repository: file://../prysm
  version: 0.1.0
- name: lighthouse
  repository: file://../lighthouse
  version: 0.1.0
digest: sha256:be57157435cb523a155f20fffb9058409e4be38fd5e882464a50aec20641a1ef
generated: "2021-11-09T18:10:11.01041+03:00"
